
Microsoft Visual Studio Solution File, Format Version 12.00
# Visual Studio Version 16
VisualStudioVersion = 16.0.31729.503
MinimumVisualStudioVersion = 10.0.40219.1
Project("{9A19103F-16F7-4668-BE54-9A1E7A4F7556}") = "WebApp.Identity", "WebApp.Identity\WebApp.Identity.csproj", "{829A0C75-A4E2-4FB4-AFA2-6B5059C4A3A7}"
EndProject
Global
	GlobalSection(SolutionConfigurationPlatforms) = preSolution
		Debug|Any CPU = Debug|Any CPU
		Release|Any CPU = Release|Any CPU
	EndGlobalSection
	GlobalSection(ProjectConfigurationPlatforms) = postSolution
		{829A0C75-A4E2-4FB4-AFA2-6B5059C4A3A7}.Debug|Any CPU.ActiveCfg = Debug|Any CPU
		{829A0C75-A4E2-4FB4-AFA2-6B5059C4A3A7}.Debug|Any CPU.Build.0 = Debug|Any CPU
		{829A0C75-A4E2-4FB4-AFA2-6B5059C4A3A7}.Release|Any CPU.ActiveCfg = Release|Any CPU
		{829A0C75-A4E2-4FB4-AFA2-6B5059C4A3A7}.Release|Any CPU.Build.0 = Release|Any CPU
	EndGlobalSection
	GlobalSection(SolutionProperties) = preSolution
		HideSolutionNode = FALSE
	EndGlobalSection
	GlobalSection(ExtensibilityGlobals) = postSolution
		SolutionGuid = {26DB644B-ADB0-4050-9833-CBBE63944351}
	EndGlobalSection
EndGlobal
